
Microsoft Visual Studio Solution File, Format Version 12.00
# Visual Studio 15
VisualStudioVersion = 15.0.26403.7
MinimumVisualStudioVersion = 10.0.40219.1
Project("{FAE04EC0-301F-11D3-BF4B-00C04F79EFBC}") = "WPF_NFD_01", "WPF_29052017_Non_Fixed_Docs\WPF_NFD_01.csproj", "{35F8852E-5F6C-4E3E-8F53-EE44ACD1E489}"
EndProject
Project("{FAE04EC0-301F-11D3-BF4B-00C04F79EFBC}") = "WPF_NFD_02", "WPF_NFD_02\WPF_NFD_02.csproj", "{31C1427F-A867-4F2B-ACEA-A55FC34E271C}"
EndProject
Project("{FAE04EC0-301F-11D3-BF4B-00C04F79EFBC}") = "WPF_NFD_00", "WPF_NFD_00\WPF_NFD_00.csproj", "{5386E16E-E90E-4D49-BC03-1ACF6870EC47}"
EndProject
Project("{FAE04EC0-301F-11D3-BF4B-00C04F79EFBC}") = "WPF_NFD_03", "WPF_NFD_03\WPF_NFD_03.csproj", "{C1DFC4C5-C63B-4B03-B1E2-292D84945298}"
EndProject
Project("{FAE04EC0-301F-11D3-BF4B-00C04F79EFBC}") = "WPF_NFD_04", "WPF_NFD_04\WPF_NFD_04.csproj", "{F5AE6127-3939-4D93-9DF3-2082D8C2B393}"
EndProject
Project("{FAE04EC0-301F-11D3-BF4B-00C04F79EFBC}") = "WPF_NFD_03_2", "WPF_NFD_03_2\WPF_NFD_03_2.csproj", "{8AECC13D-B88B-49BC-8364-D1ECD175EB80}"
EndProject
Project("{FAE04EC0-301F-11D3-BF4B-00C04F79EFBC}") = "WPF_NFD_03_3", "WPF_NFD_03_3\WPF_NFD_03_3.csproj", "{AC4D7A60-FA3B-4183-8F39-DD463291E484}"
EndProject
Global
	GlobalSection(SolutionConfigurationPlatforms) = preSolution
		Debug|Any CPU = Debug|Any CPU
		Release|Any CPU = Release|Any CPU
	EndGlobalSection
	GlobalSection(ProjectConfigurationPlatforms) = postSolution
		{35F8852E-5F6C-4E3E-8F53-EE44ACD1E489}.Debug|Any CPU.ActiveCfg = Debug|Any CPU
		{35F8852E-5F6C-4E3E-8F53-EE44ACD1E489}.Debug|Any CPU.Build.0 = Debug|Any CPU
		{35F8852E-5F6C-4E3E-8F53-EE44ACD1E489}.Release|Any CPU.ActiveCfg = Release|Any CPU
		{35F8852E-5F6C-4E3E-8F53-EE44ACD1E489}.Release|Any CPU.Build.0 = Release|Any CPU
		{31C1427F-A867-4F2B-ACEA-A55FC34E271C}.Debug|Any CPU.ActiveCfg = Debug|Any CPU
		{31C1427F-A867-4F2B-ACEA-A55FC34E271C}.Debug|Any CPU.Build.0 = Debug|Any CPU
		{31C1427F-A867-4F2B-ACEA-A55FC34E271C}.Release|Any CPU.ActiveCfg = Release|Any CPU
		{31C1427F-A867-4F2B-ACEA-A55FC34E271C}.Release|Any CPU.Build.0 = Release|Any CPU
		{5386E16E-E90E-4D49-BC03-1ACF6870EC47}.Debug|Any CPU.ActiveCfg = Debug|Any CPU
		{5386E16E-E90E-4D49-BC03-1ACF6870EC47}.Debug|Any CPU.Build.0 = Debug|Any CPU
		{5386E16E-E90E-4D49-BC03-1ACF6870EC47}.Release|Any CPU.ActiveCfg = Release|Any CPU
		{5386E16E-E90E-4D49-BC03-1ACF6870EC47}.Release|Any CPU.Build.0 = Release|Any CPU
		{C1DFC4C5-C63B-4B03-B1E2-292D84945298}.Debug|Any CPU.ActiveCfg = Debug|Any CPU
		{C1DFC4C5-C63B-4B03-B1E2-292D84945298}.Debug|Any CPU.Build.0 = Debug|Any CPU
		{C1DFC4C5-C63B-4B03-B1E2-292D84945298}.Release|Any CPU.ActiveCfg = Release|Any CPU
		{C1DFC4C5-C63B-4B03-B1E2-292D84945298}.Release|Any CPU.Build.0 = Release|Any CPU
		{F5AE6127-3939-4D93-9DF3-2082D8C2B393}.Debug|Any CPU.ActiveCfg = Debug|Any CPU
		{F5AE6127-3939-4D93-9DF3-2082D8C2B393}.Debug|Any CPU.Build.0 = Debug|Any CPU
		{F5AE6127-3939-4D93-9DF3-2082D8C2B393}.Release|Any CPU.ActiveCfg = Release|Any CPU
		{F5AE6127-3939-4D93-9DF3-2082D8C2B393}.Release|Any CPU.Build.0 = Release|Any CPU
		{8AECC13D-B88B-49BC-8364-D1ECD175EB80}.Debug|Any CPU.ActiveCfg = Debug|Any CPU
		{8AECC13D-B88B-49BC-8364-D1ECD175EB80}.Debug|Any CPU.Build.0 = Debug|Any CPU
		{8AECC13D-B88B-49BC-8364-D1ECD175EB80}.Release|Any CPU.ActiveCfg = Release|Any CPU
		{8AECC13D-B88B-49BC-8364-D1ECD175EB80}.Release|Any CPU.Build.0 = Release|Any CPU
		{AC4D7A60-FA3B-4183-8F39-DD463291E484}.Debug|Any CPU.ActiveCfg = Debug|Any CPU
		{AC4D7A60-FA3B-4183-8F39-DD463291E484}.Debug|Any CPU.Build.0 = Debug|Any CPU
		{AC4D7A60-FA3B-4183-8F39-DD463291E484}.Release|Any CPU.ActiveCfg = Release|Any CPU
		{AC4D7A60-FA3B-4183-8F39-DD463291E484}.Release|Any CPU.Build.0 = Release|Any CPU
	EndGlobalSection
	GlobalSection(SolutionProperties) = preSolution
		HideSolutionNode = FALSE
	EndGlobalSection
EndGlobal
